// !$*UTF8*$!
{
	archiveVersion = 1;
	classes = {
	};
	objectVersion = 55;
	objects = {

/* Begin PBXBuildFile section */
		526DD15628C3472200341764 /* AppDelegate.swift in Sources */ = {isa = PBXBuildFile; fileRef = 526DD15528C3472200341764 /* AppDelegate.swift */; };
		526DD15828C3472200341764 /* SceneDelegate.swift in Sources */ = {isa = PBXBuildFile; fileRef = 526DD15728C3472200341764 /* SceneDelegate.swift */; };
		526DD15A28C3472200341764 /* ViewController.swift in Sources */ = {isa = PBXBuildFile; fileRef = 526DD15928C3472200341764 /* ViewController.swift */; };
		526DD15D28C3472200341764 /* Main.storyboard in Resources */ = {isa = PBXBuildFile; fileRef = 526DD15B28C3472200341764 /* Main.storyboard */; };
		526DD16028C3472200341764 /* ExitekIOSDeveloperTechTask.xcdatamodeld in Sources */ = {isa = PBXBuildFile; fileRef = 526DD15E28C3472200341764 /* ExitekIOSDeveloperTechTask.xcdatamodeld */; };
		526DD16228C3472400341764 /* Assets.xcassets in Resources */ = {isa = PBXBuildFile; fileRef = 526DD16128C3472400341764 /* Assets.xcassets */; };
		526DD16528C3472400341764 /* LaunchScreen.storyboard in Resources */ = {isa = PBXBuildFile; fileRef = 526DD16328C3472400341764 /* LaunchScreen.storyboard */; };
/* End PBXBuildFile section */

/* Begin PBXFileReference section */
		526DD15228C3472100341764 /* ExitekIOSDeveloperTechTask.app */ = {isa = PBXFileReference; explicitFileType = wrapper.application; includeInIndex = 0; path = ExitekIOSDeveloperTechTask.app; sourceTree = BUILT_PRODUCTS_DIR; };
		526DD15528C3472200341764 /* AppDelegate.swift */ = {isa = PBXFileReference; lastKnownFileType = sourcecode.swift; path = AppDelegate.swift; sourceTree = "<group>"; };
		526DD15728C3472200341764 /* SceneDelegate.swift */ = {isa = PBXFileReference; lastKnownFileType = sourcecode.swift; path = SceneDelegate.swift; sourceTree = "<group>"; };
		526DD15928C3472200341764 /* ViewController.swift */ = {isa = PBXFileReference; lastKnownFileType = sourcecode.swift; path = ViewController.swift; sourceTree = "<group>"; };
		526DD15C28C3472200341764 /* Base */ = {isa = PBXFileReference; lastKnownFileType = file.storyboard; name = Base; path = Base.lproj/Main.storyboard; sourceTree = "<group>"; };
		526DD15F28C3472200341764 /* ExitekIOSDeveloperTechTask.xcdatamodel */ = {isa = PBXFileReference; lastKnownFileType = wrapper.xcdatamodel; path = ExitekIOSDeveloperTechTask.xcdatamodel; sourceTree = "<group>"; };
		526DD16128C3472400341764 /* Assets.xcassets */ = {isa = PBXFileReference; lastKnownFileType = folder.assetcatalog; path = Assets.xcassets; sourceTree = "<group>"; };
		526DD16428C3472400341764 /* Base */ = {isa = PBXFileReference; lastKnownFileType = file.storyboard; name = Base; path = Base.lproj/LaunchScreen.storyboard; sourceTree = "<group>"; };
		526DD16628C3472400341764 /* Info.plist */ = {isa = PBXFileReference; lastKnownFileType = text.plist.xml; path = Info.plist; sourceTree = "<group>"; };
/* End PBXFileReference section */

/* Begin PBXFrameworksBuildPhase section */
		526DD14F28C3472100341764 /* Frameworks */ = {
			isa = PBXFrameworksBuildPhase;
			buildActionMask = 2147483647;
			files = (
			);
			runOnlyForDeploymentPostprocessing = 0;
		};
/* End PBXFrameworksBuildPhase section */

/* Begin PBXGroup section */
		526DD14928C3472100341764 = {
			isa = PBXGroup;
			children = (
				526DD15428C3472100341764 /* ExitekIOSDeveloperTechTask */,
				526DD15328C3472100341764 /* Products */,
			);
			sourceTree = "<group>";
		};
		526DD15328C3472100341764 /* Products */ = {
			isa = PBXGroup;
			children = (
				526DD15228C3472100341764 /* ExitekIOSDeveloperTechTask.app */,
			);
			name = Products;
			sourceTree = "<group>";
		};
		526DD15428C3472100341764 /* ExitekIOSDeveloperTechTask */ = {
			isa = PBXGroup;
			children = (
				526DD15528C3472200341764 /* AppDelegate.swift */,
				526DD15728C3472200341764 /* SceneDelegate.swift */,
				526DD15928C3472200341764 /* ViewController.swift */,
				526DD15B28C3472200341764 /* Main.storyboard */,
				526DD16128C3472400341764 /* Assets.xcassets */,
				526DD16328C3472400341764 /* LaunchScreen.storyboard */,
				526DD16628C3472400341764 /* Info.plist */,
				526DD15E28C3472200341764 /* ExitekIOSDeveloperTechTask.xcdatamodeld */,
			);
			path = ExitekIOSDeveloperTechTask;
			sourceTree = "<group>";
		};
/* End PBXGroup section */

/* Begin PBXNativeTarget section */
		526DD15128C3472100341764 /* ExitekIOSDeveloperTechTask */ = {
			isa = PBXNativeTarget;
			buildConfigurationList = 526DD16928C3472400341764 /* Build configuration list for PBXNativeTarget "ExitekIOSDeveloperTechTask" */;
			buildPhases = (
				526DD14E28C3472100341764 /* Sources */,
				526DD14F28C3472100341764 /* Frameworks */,
				526DD15028C3472100341764 /* Resources */,
			);
			buildRules = (
			);
			dependencies = (
			);
			name = ExitekIOSDeveloperTechTask;
			productName = ExitekIOSDeveloperTechTask;
			productReference = 526DD15228C3472100341764 /* ExitekIOSDeveloperTechTask.app */;
			productType = "com.apple.product-type.application";
		};
/* End PBXNativeTarget section */

/* Begin PBXProject section */
		526DD14A28C3472100341764 /* Project object */ = {
			isa = PBXProject;
			attributes = {
				BuildIndependentTargetsInParallel = 1;
				LastSwiftUpdateCheck = 1320;
				LastUpgradeCheck = 1320;
				TargetAttributes = {
					526DD15128C3472100341764 = {
						CreatedOnToolsVersion = 13.2.1;
					};
				};
			};
			buildConfigurationList = 526DD14D28C3472100341764 /* Build configuration list for PBXProject "ExitekIOSDeveloperTechTask" */;
			compatibilityVersion = "Xcode 13.0";
			developmentRegion = en;
			hasScannedForEncodings = 0;
			knownRegions = (
				en,
				Base,
			);
			mainGroup = 526DD14928C3472100341764;
			productRefGroup = 526DD15328C3472100341764 /* Products */;
			projectDirPath = "";
			projectRoot = "";
			targets = (
				526DD15128C3472100341764 /* ExitekIOSDeveloperTechTask */,
			);
		};
/* End PBXProject section */

/* Begin PBXResourcesBuildPhase section */
		526DD15028C3472100341764 /* Resources */ = {
			isa = PBXResourcesBuildPhase;
			buildActionMask = 2147483647;
			files = (
				526DD16528C3472400341764 /* LaunchScreen.storyboard in Resources */,
				526DD16228C3472400341764 /* Assets.xcassets in Resources */,
				526DD15D28C3472200341764 /* Main.storyboard in Resources */,
			);
			runOnlyForDeploymentPostprocessing = 0;
		};
/* End PBXResourcesBuildPhase section */

/* Begin PBXSourcesBuildPhase section */
		526DD14E28C3472100341764 /* Sources */ = {
			isa = PBXSourcesBuildPhase;
			buildActionMask = 2147483647;
			files = (
				526DD15A28C3472200341764 /* ViewController.swift in Sources */,
				526DD16028C3472200341764 /* ExitekIOSDeveloperTechTask.xcdatamodeld in Sources */,
				526DD15628C3472200341764 /* AppDelegate.swift in Sources */,
				526DD15828C3472200341764 /* SceneDelegate.swift in Sources */,
			);
			runOnlyForDeploymentPostprocessing = 0;
		};
/* End PBXSourcesBuildPhase section */

/* Begin PBXVariantGroup section */
		526DD15B28C3472200341764 /* Main.storyboard */ = {
			isa = PBXVariantGroup;
			children = (
				526DD15C28C3472200341764 /* Base */,
			);
			name = Main.storyboard;
			sourceTree = "<group>";
		};
		526DD16328C3472400341764 /* LaunchScreen.storyboard */ = {
			isa = PBXVariantGroup;
			children = (
				526DD16428C3472400341764 /* Base */,
			);
			name = LaunchScreen.storyboard;
			sourceTree = "<group>";
		};
/* End PBXVariantGroup section */

/* Begin XCBuildConfiguration section */
		526DD16728C3472400341764 /* Debug */ = {
			isa = XCBuildConfiguration;
			buildSettings = {
				ALWAYS_SEARCH_USER_PATHS = NO;
				CLANG_ANALYZER_NONNULL = YES;
				CLANG_ANALYZER_NUMBER_OBJECT_CONVERSION = YES_AGGRESSIVE;
				CLANG_CXX_LANGUAGE_STANDARD = "gnu++17";
				CLANG_CXX_LIBRARY = "libc++";
				CLANG_ENABLE_MODULES = YES;
				CLANG_ENABLE_OBJC_ARC = YES;
				CLANG_ENABLE_OBJC_WEAK = YES;
				CLANG_WARN_BLOCK_CAPTURE_AUTORELEASING = YES;
				CLANG_WARN_BOOL_CONVERSION = YES;
				CLANG_WARN_COMMA = YES;
				CLANG_WARN_CONSTANT_CONVERSION = YES;
				CLANG_WARN_DEPRECATED_OBJC_IMPLEMENTATIONS = YES;
				CLANG_WARN_DIRECT_OBJC_ISA_USAGE = YES_ERROR;
				CLANG_WARN_DOCUMENTATION_COMMENTS = YES;
				CLANG_WARN_EMPTY_BODY = YES;
				CLANG_WARN_ENUM_CONVERSION = YES;
				CLANG_WARN_INFINITE_RECURSION = YES;
				CLANG_WARN_INT_CONVERSION = YES;
				CLANG_WARN_NON_LITERAL_NULL_CONVERSION = YES;
				CLANG_WARN_OBJC_IMPLICIT_RETAIN_SELF = YES;
				CLANG_WARN_OBJC_LITERAL_CONVERSION = YES;
				CLANG_WARN_OBJC_ROOT_CLASS = YES_ERROR;
				CLANG_WARN_QUOTED_INCLUDE_IN_FRAMEWORK_HEADER = YES;
				CLANG_WARN_RANGE_LOOP_ANALYSIS = YES;
				CLANG_WARN_STRICT_PROTOTYPES = YES;
				CLANG_WARN_SUSPICIOUS_MOVE = YES;
				CLANG_WARN_UNGUARDED_AVAILABILITY = YES_AGGRESSIVE;
				CLANG_WARN_UNREACHABLE_CODE = YES;
				CLANG_WARN__DUPLICATE_METHOD_MATCH = YES;
				COPY_PHASE_STRIP = NO;
				DEBUG_INFORMATION_FORMAT = dwarf;
				ENABLE_STRICT_OBJC_MSGSEND = YES;
				ENABLE_TESTABILITY = YES;
				GCC_C_LANGUAGE_STANDARD = gnu11;
				GCC_DYNAMIC_NO_PIC = NO;
				GCC_NO_COMMON_BLOCKS = YES;
				GCC_OPTIMIZATION_LEVEL = 0;
				GCC_PREPROCESSOR_DEFINITIONS = (
					"DEBUG=1",
					"$(inherited)",
				);
				GCC_WARN_64_TO_32_BIT_CONVERSION = YES;
				GCC_WARN_ABOUT_RETURN_TYPE = YES_ERROR;
				GCC_WARN_UNDECLARED_SELECTOR = YES;
				GCC_WARN_UNINITIALIZED_AUTOS = YES_AGGRESSIVE;
				GCC_WARN_UNUSED_FUNCTION = YES;
				GCC_WARN_UNUSED_VARIABLE = YES;
				IPHONEOS_DEPLOYMENT_TARGET = 15.2;
				MTL_ENABLE_DEBUG_INFO = INCLUDE_SOURCE;
				MTL_FAST_MATH = YES;
				ONLY_ACTIVE_ARCH = YES;
				SDKROOT = iphoneos;
				SWIFT_ACTIVE_COMPILATION_CONDITIONS = DEBUG;
				SWIFT_OPTIMIZATION_LEVEL = "-Onone";
			};
			name = Debug;
		};
		526DD16828C3472400341764 /* Release */ = {
			isa = XCBuildConfiguration;
			buildSettings = {
				ALWAYS_SEARCH_USER_PATHS = NO;
				CLANG_ANALYZER_NONNULL = YES;
				CLANG_ANALYZER_NUMBER_OBJECT_CONVERSION = YES_AGGRESSIVE;
				CLANG_CXX_LANGUAGE_STANDARD = "gnu++17";
				CLANG_CXX_LIBRARY = "libc++";
				CLANG_ENABLE_MODULES = YES;
				CLANG_ENABLE_OBJC_ARC = YES;
				CLANG_ENABLE_OBJC_WEAK = YES;
				CLANG_WARN_BLOCK_CAPTURE_AUTORELEASING = YES;
				CLANG_WARN_BOOL_CONVERSION = YES;
				CLANG_WARN_COMMA = YES;
				CLANG_WARN_CONSTANT_CONVERSION = YES;
				CLANG_WARN_DEPRECATED_OBJC_IMPLEMENTATIONS = YES;
				CLANG_WARN_DIRECT_OBJC_ISA_USAGE = YES_ERROR;
				CLANG_WARN_DOCUMENTATION_COMMENTS = YES;
				CLANG_WARN_EMPTY_BODY = YES;
				CLANG_WARN_ENUM_CONVERSION = YES;
				CLANG_WARN_INFINITE_RECURSION = YES;
				CLANG_WARN_INT_CONVERSION = YES;
				CLANG_WARN_NON_LITERAL_NULL_CONVERSION = YES;
				CLANG_WARN_OBJC_IMPLICIT_RETAIN_SELF = YES;
				CLANG_WARN_OBJC_LITERAL_CONVERSION = YES;
				CLANG_WARN_OBJC_ROOT_CLASS = YES_ERROR;
				CLANG_WARN_QUOTED_INCLUDE_IN_FRAMEWORK_HEADER = YES;
				CLANG_WARN_RANGE_LOOP_ANALYSIS = YES;
				CLANG_WARN_STRICT_PROTOTYPES = YES;
				CLANG_WARN_SUSPICIOUS_MOVE = YES;
				CLANG_WARN_UNGUARDED_AVAILABILITY = YES_AGGRESSIVE;
				CLANG_WARN_UNREACHABLE_CODE = YES;
				CLANG_WARN__DUPLICATE_METHOD_MATCH = YES;
				COPY_PHASE_STRIP = NO;
				DEBUG_INFORMATION_FORMAT = "dwarf-with-dsym";
				ENABLE_NS_ASSERTIONS = NO;
				ENABLE_STRICT_OBJC_MSGSEND = YES;
				GCC_C_LANGUAGE_STANDARD = gnu11;
				GCC_NO_COMMON_BLOCKS = YES;
				GCC_WARN_64_TO_32_BIT_CONVERSION = YES;
				GCC_WARN_ABOUT_RETURN_TYPE = YES_ERROR;
				GCC_WARN_UNDECLARED_SELECTOR = YES;
				GCC_WARN_UNINITIALIZED_AUTOS = YES_AGGRESSIVE;
				GCC_WARN_UNUSED_FUNCTION = YES;
				GCC_WARN_UNUSED_VARIABLE = YES;
				IPHONEOS_DEPLOYMENT_TARGET = 15.2;
				MTL_ENABLE_DEBUG_INFO = NO;
				MTL_FAST_MATH = YES;
				SDKROOT = iphoneos;
				SWIFT_COMPILATION_MODE = wholemodule;
				SWIFT_OPTIMIZATION_LEVEL = "-O";
				VALIDATE_PRODUCT = YES;
			};
			name = Release;
		};
		526DD16A28C3472400341764 /* Debug */ = {
			isa = XCBuildConfiguration;
			buildSettings = {
				ASSETCATALOG_COMPILER_APPICON_NAME = AppIcon;
				ASSETCATALOG_COMPILER_GLOBAL_ACCENT_COLOR_NAME = AccentColor;
				CODE_SIGN_STYLE = Automatic;
				CURRENT_PROJECT_VERSION = 1;
				DEVELOPMENT_TEAM = 7QYBSPPC5D;
				GENERATE_INFOPLIST_FILE = YES;
				INFOPLIST_FILE = ExitekIOSDeveloperTechTask/Info.plist;
				INFOPLIST_KEY_UIApplicationSupportsIndirectInputEvents = YES;
				INFOPLIST_KEY_UILaunchStoryboardName = LaunchScreen;
				INFOPLIST_KEY_UIMainStoryboardFile = Main;
				INFOPLIST_KEY_UISupportedInterfaceOrientations_iPad = "UIInterfaceOrientationPortrait UIInterfaceOrientationPortraitUpsideDown UIInterfaceOrientationLandscapeLeft UIInterfaceOrientationLandscapeRight";
				INFOPLIST_KEY_UISupportedInterfaceOrientations_iPhone = "UIInterfaceOrientationPortrait UIInterfaceOrientationLandscapeLeft UIInterfaceOrientationLandscapeRight";
				LD_RUNPATH_SEARCH_PATHS = (
					"$(inherited)",
					"@executable_path/Frameworks",
				);
				MARKETING_VERSION = 1.0;
				PRODUCT_BUNDLE_IDENTIFIER = Igdisanov.ExitekIOSDeveloperTechTask;
				PRODUCT_NAME = "$(TARGET_NAME)";
				SWIFT_EMIT_LOC_STRINGS = YES;
				SWIFT_VERSION = 5.0;
				TARGETED_DEVICE_FAMILY = "1,2";
			};
			name = Debug;
		};
		526DD16B28C3472400341764 /* Release */ = {
			isa = XCBuildConfiguration;
			buildSettings = {
				ASSETCATALOG_COMPILER_APPICON_NAME = AppIcon;
				ASSETCATALOG_COMPILER_GLOBAL_ACCENT_COLOR_NAME = AccentColor;
				CODE_SIGN_STYLE = Automatic;
				CURRENT_PROJECT_VERSION = 1;
				DEVELOPMENT_TEAM = 7QYBSPPC5D;
				GENERATE_INFOPLIST_FILE = YES;
				INFOPLIST_FILE = ExitekIOSDeveloperTechTask/Info.plist;
				INFOPLIST_KEY_UIApplicationSupportsIndirectInputEvents = YES;
				INFOPLIST_KEY_UILaunchStoryboardName = LaunchScreen;
				INFOPLIST_KEY_UIMainStoryboardFile = Main;
				INFOPLIST_KEY_UISupportedInterfaceOrientations_iPad = "UIInterfaceOrientationPortrait UIInterfaceOrientationPortraitUpsideDown UIInterfaceOrientationLandscapeLeft UIInterfaceOrientationLandscapeRight";
				INFOPLIST_KEY_UISupportedInterfaceOrientations_iPhone = "UIInterfaceOrientationPortrait UIInterfaceOrientationLandscapeLeft UIInterfaceOrientationLandscapeRight";
				LD_RUNPATH_SEARCH_PATHS = (
					"$(inherited)",
					"@executable_path/Frameworks",
				);
				MARKETING_VERSION = 1.0;
				PRODUCT_BUNDLE_IDENTIFIER = Igdisanov.ExitekIOSDeveloperTechTask;
				PRODUCT_NAME = "$(TARGET_NAME)";
				SWIFT_EMIT_LOC_STRINGS = YES;
				SWIFT_VERSION = 5.0;
				TARGETED_DEVICE_FAMILY = "1,2";
			};
			name = Release;
		};
/* End XCBuildConfiguration section */

/* Begin XCConfigurationList section */
		526DD14D28C3472100341764 /* Build configuration list for PBXProject "ExitekIOSDeveloperTechTask" */ = {
			isa = XCConfigurationList;
			buildConfigurations = (
				526DD16728C3472400341764 /* Debug */,
				526DD16828C3472400341764 /* Release */,
			);
			defaultConfigurationIsVisible = 0;
			defaultConfigurationName = Release;
		};
		526DD16928C3472400341764 /* Build configuration list for PBXNativeTarget "ExitekIOSDeveloperTechTask" */ = {
			isa = XCConfigurationList;
			buildConfigurations = (
				526DD16A28C3472400341764 /* Debug */,
				526DD16B28C3472400341764 /* Release */,
			);
			defaultConfigurationIsVisible = 0;
			defaultConfigurationName = Release;
		};
/* End XCConfigurationList section */

/* Begin XCVersionGroup section */
		526DD15E28C3472200341764 /* ExitekIOSDeveloperTechTask.xcdatamodeld */ = {
			isa = XCVersionGroup;
			children = (
				526DD15F28C3472200341764 /* ExitekIOSDeveloperTechTask.xcdatamodel */,
			);
			currentVersion = 526DD15F28C3472200341764 /* ExitekIOSDeveloperTechTask.xcdatamodel */;
			path = ExitekIOSDeveloperTechTask.xcdatamodeld;
			sourceTree = "<group>";
			versionGroupType = wrapper.xcdatamodel;
		};
/* End XCVersionGroup section */
	};
	rootObject = 526DD14A28C3472100341764 /* Project object */;
}
